
Microsoft Visual Studio Solution File, Format Version 12.00
Project("{FAE04EC0-301F-11D3-BF4B-00C04F79EFBC}") = "damilah-hometask", "damilah-hometask\damilah-hometask.csproj", "{25E19370-6C54-4BFB-8230-1BEE2C0A87F1}"
EndProject
Project("{FAE04EC0-301F-11D3-BF4B-00C04F79EFBC}") = "tests", "tests\tests.csproj", "{2132FF53-FFBD-482B-9EC3-F8DD992F233F}"
EndProject
Global
	GlobalSection(SolutionConfigurationPlatforms) = preSolution
		Debug|Any CPU = Debug|Any CPU
		Release|Any CPU = Release|Any CPU
	EndGlobalSection
	GlobalSection(ProjectConfigurationPlatforms) = postSolution
		{25E19370-6C54-4BFB-8230-1BEE2C0A87F1}.Debug|Any CPU.ActiveCfg = Debug|Any CPU
		{25E19370-6C54-4BFB-8230-1BEE2C0A87F1}.Debug|Any CPU.Build.0 = Debug|Any CPU
		{25E19370-6C54-4BFB-8230-1BEE2C0A87F1}.Release|Any CPU.ActiveCfg = Release|Any CPU
		{25E19370-6C54-4BFB-8230-1BEE2C0A87F1}.Release|Any CPU.Build.0 = Release|Any CPU
		{2132FF53-FFBD-482B-9EC3-F8DD992F233F}.Debug|Any CPU.ActiveCfg = Debug|Any CPU
		{2132FF53-FFBD-482B-9EC3-F8DD992F233F}.Debug|Any CPU.Build.0 = Debug|Any CPU
		{2132FF53-FFBD-482B-9EC3-F8DD992F233F}.Release|Any CPU.ActiveCfg = Release|Any CPU
		{2132FF53-FFBD-482B-9EC3-F8DD992F233F}.Release|Any CPU.Build.0 = Release|Any CPU
	EndGlobalSection
EndGlobal
